// !$*UTF8*$!
{
	archiveVersion = 1;
	classes = {
	};
	objectVersion = 50;
	objects = {

/* Begin PBXBuildFile section */
		CC18C3C02491C25E00A8E35C /* main.c in Sources */ = {isa = PBXBuildFile; fileRef = CC18C3BF2491C25E00A8E35C /* main.c */; };
		CC18C3CD2491C45300A8E35C /* main.c in Sources */ = {isa = PBXBuildFile; fileRef = CC18C3CC2491C45300A8E35C /* main.c */; };
		CC18C3D82491C49A00A8E35C /* main.c in Sources */ = {isa = PBXBuildFile; fileRef = CC18C3D72491C49A00A8E35C /* main.c */; };
		CC18C3E32491C4D600A8E35C /* main.c in Sources */ = {isa = PBXBuildFile; fileRef = CC18C3E22491C4D600A8E35C /* main.c */; };
		CC18C3EE2491C52B00A8E35C /* main.c in Sources */ = {isa = PBXBuildFile; fileRef = CC18C3ED2491C52B00A8E35C /* main.c */; };
		CC18C3F92491C64700A8E35C /* main.c in Sources */ = {isa = PBXBuildFile; fileRef = CC18C3F82491C64700A8E35C /* main.c */; };
		CC18C4042491C6AB00A8E35C /* main.c in Sources */ = {isa = PBXBuildFile; fileRef = CC18C4032491C6AB00A8E35C /* main.c */; };
		CC18C40F2491C71000A8E35C /* main.c in Sources */ = {isa = PBXBuildFile; fileRef = CC18C40E2491C71000A8E35C /* main.c */; };
		CC18C41A2491C7B100A8E35C /* main.c in Sources */ = {isa = PBXBuildFile; fileRef = CC18C4192491C7B100A8E35C /* main.c */; };
		CC18C4252491C91900A8E35C /* main.c in Sources */ = {isa = PBXBuildFile; fileRef = CC18C4242491C91900A8E35C /* main.c */; };
/* End PBXBuildFile section */

/* Begin PBXCopyFilesBuildPhase section */
		CC18C3BA2491C25E00A8E35C /* CopyFiles */ = {
			isa = PBXCopyFilesBuildPhase;
			buildActionMask = 2147483647;
			dstPath = /usr/share/man/man1/;
			dstSubfolderSpec = 0;
			files = (
			);
			runOnlyForDeploymentPostprocessing = 1;
		};
		CC18C3C82491C45300A8E35C /* CopyFiles */ = {
			isa = PBXCopyFilesBuildPhase;
			buildActionMask = 2147483647;
			dstPath = /usr/share/man/man1/;
			dstSubfolderSpec = 0;
			files = (
			);
			runOnlyForDeploymentPostprocessing = 1;
		};
		CC18C3D32491C49A00A8E35C /* CopyFiles */ = {
			isa = PBXCopyFilesBuildPhase;
			buildActionMask = 2147483647;
			dstPath = /usr/share/man/man1/;
			dstSubfolderSpec = 0;
			files = (
			);
			runOnlyForDeploymentPostprocessing = 1;
		};
		CC18C3DE2491C4D600A8E35C /* CopyFiles */ = {
			isa = PBXCopyFilesBuildPhase;
			buildActionMask = 2147483647;
			dstPath = /usr/share/man/man1/;
			dstSubfolderSpec = 0;
			files = (
			);
			runOnlyForDeploymentPostprocessing = 1;
		};
		CC18C3E92491C52B00A8E35C /* CopyFiles */ = {
			isa = PBXCopyFilesBuildPhase;
			buildActionMask = 2147483647;
			dstPath = /usr/share/man/man1/;
			dstSubfolderSpec = 0;
			files = (
			);
			runOnlyForDeploymentPostprocessing = 1;
		};
		CC18C3F42491C64700A8E35C /* CopyFiles */ = {
			isa = PBXCopyFilesBuildPhase;
			buildActionMask = 2147483647;
			dstPath = /usr/share/man/man1/;
			dstSubfolderSpec = 0;
			files = (
			);
			runOnlyForDeploymentPostprocessing = 1;
		};
		CC18C3FF2491C6AB00A8E35C /* CopyFiles */ = {
			isa = PBXCopyFilesBuildPhase;
			buildActionMask = 2147483647;
			dstPath = /usr/share/man/man1/;
			dstSubfolderSpec = 0;
			files = (
			);
			runOnlyForDeploymentPostprocessing = 1;
		};
		CC18C40A2491C71000A8E35C /* CopyFiles */ = {
			isa = PBXCopyFilesBuildPhase;
			buildActionMask = 2147483647;
			dstPath = /usr/share/man/man1/;
			dstSubfolderSpec = 0;
			files = (
			);
			runOnlyForDeploymentPostprocessing = 1;
		};
		CC18C4152491C7B100A8E35C /* CopyFiles */ = {
			isa = PBXCopyFilesBuildPhase;
			buildActionMask = 2147483647;
			dstPath = /usr/share/man/man1/;
			dstSubfolderSpec = 0;
			files = (
			);
			runOnlyForDeploymentPostprocessing = 1;
		};
		CC18C4202491C91900A8E35C /* CopyFiles */ = {
			isa = PBXCopyFilesBuildPhase;
			buildActionMask = 2147483647;
			dstPath = /usr/share/man/man1/;
			dstSubfolderSpec = 0;
			files = (
			);
			runOnlyForDeploymentPostprocessing = 1;
		};
/* End PBXCopyFilesBuildPhase section */

/* Begin PBXFileReference section */
		CC18C3BC2491C25E00A8E35C /* Cwork */ = {isa = PBXFileReference; explicitFileType = "compiled.mach-o.executable"; includeInIndex = 0; path = Cwork; sourceTree = BUILT_PRODUCTS_DIR; };
		CC18C3BF2491C25E00A8E35C /* main.c */ = {isa = PBXFileReference; lastKnownFileType = sourcecode.c.c; path = main.c; sourceTree = "<group>"; };
		CC18C3CA2491C45300A8E35C /* no1_1 */ = {isa = PBXFileReference; explicitFileType = "compiled.mach-o.executable"; includeInIndex = 0; path = no1_1; sourceTree = BUILT_PRODUCTS_DIR; };
		CC18C3CC2491C45300A8E35C /* main.c */ = {isa = PBXFileReference; lastKnownFileType = sourcecode.c.c; path = main.c; sourceTree = "<group>"; };
		CC18C3D52491C49A00A8E35C /* no1_2 */ = {isa = PBXFileReference; explicitFileType = "compiled.mach-o.executable"; includeInIndex = 0; path = no1_2; sourceTree = BUILT_PRODUCTS_DIR; };
		CC18C3D72491C49A00A8E35C /* main.c */ = {isa = PBXFileReference; lastKnownFileType = sourcecode.c.c; path = main.c; sourceTree = "<group>"; };
		CC18C3E02491C4D600A8E35C /* no2_1 */ = {isa = PBXFileReference; explicitFileType = "compiled.mach-o.executable"; includeInIndex = 0; path = no2_1; sourceTree = BUILT_PRODUCTS_DIR; };
		CC18C3E22491C4D600A8E35C /* main.c */ = {isa = PBXFileReference; lastKnownFileType = sourcecode.c.c; path = main.c; sourceTree = "<group>"; };
		CC18C3EB2491C52B00A8E35C /* no2_2 */ = {isa = PBXFileReference; explicitFileType = "compiled.mach-o.executable"; includeInIndex = 0; path = no2_2; sourceTree = BUILT_PRODUCTS_DIR; };
		CC18C3ED2491C52B00A8E35C /* main.c */ = {isa = PBXFileReference; lastKnownFileType = sourcecode.c.c; path = main.c; sourceTree = "<group>"; };
		CC18C3F62491C64700A8E35C /* no3_1 */ = {isa = PBXFileReference; explicitFileType = "compiled.mach-o.executable"; includeInIndex = 0; path = no3_1; sourceTree = BUILT_PRODUCTS_DIR; };
		CC18C3F82491C64700A8E35C /* main.c */ = {isa = PBXFileReference; lastKnownFileType = sourcecode.c.c; path = main.c; sourceTree = "<group>"; };
		CC18C4012491C6AB00A8E35C /* no3_2 */ = {isa = PBXFileReference; explicitFileType = "compiled.mach-o.executable"; includeInIndex = 0; path = no3_2; sourceTree = BUILT_PRODUCTS_DIR; };
		CC18C4032491C6AB00A8E35C /* main.c */ = {isa = PBXFileReference; lastKnownFileType = sourcecode.c.c; path = main.c; sourceTree = "<group>"; };
		CC18C40C2491C71000A8E35C /* no4_1 */ = {isa = PBXFileReference; explicitFileType = "compiled.mach-o.executable"; includeInIndex = 0; path = no4_1; sourceTree = BUILT_PRODUCTS_DIR; };
		CC18C40E2491C71000A8E35C /* main.c */ = {isa = PBXFileReference; lastKnownFileType = sourcecode.c.c; path = main.c; sourceTree = "<group>"; };
		CC18C4172491C7B100A8E35C /* no4_2 */ = {isa = PBXFileReference; explicitFileType = "compiled.mach-o.executable"; includeInIndex = 0; path = no4_2; sourceTree = BUILT_PRODUCTS_DIR; };
		CC18C4192491C7B100A8E35C /* main.c */ = {isa = PBXFileReference; lastKnownFileType = sourcecode.c.c; path = main.c; sourceTree = "<group>"; };
		CC18C4222491C91900A8E35C /* no5 */ = {isa = PBXFileReference; explicitFileType = "compiled.mach-o.executable"; includeInIndex = 0; path = no5; sourceTree = BUILT_PRODUCTS_DIR; };
		CC18C4242491C91900A8E35C /* main.c */ = {isa = PBXFileReference; lastKnownFileType = sourcecode.c.c; path = main.c; sourceTree = "<group>"; };
/* End PBXFileReference section */

/* Begin PBXFrameworksBuildPhase section */
		CC18C3B92491C25E00A8E35C /* Frameworks */ = {
			isa = PBXFrameworksBuildPhase;
			buildActionMask = 2147483647;
			files = (
			);
			runOnlyForDeploymentPostprocessing = 0;
		};
		CC18C3C72491C45300A8E35C /* Frameworks */ = {
			isa = PBXFrameworksBuildPhase;
			buildActionMask = 2147483647;
			files = (
			);
			runOnlyForDeploymentPostprocessing = 0;
		};
		CC18C3D22491C49A00A8E35C /* Frameworks */ = {
			isa = PBXFrameworksBuildPhase;
			buildActionMask = 2147483647;
			files = (
			);
			runOnlyForDeploymentPostprocessing = 0;
		};
		CC18C3DD2491C4D600A8E35C /* Frameworks */ = {
			isa = PBXFrameworksBuildPhase;
			buildActionMask = 2147483647;
			files = (
			);
			runOnlyForDeploymentPostprocessing = 0;
		};
		CC18C3E82491C52B00A8E35C /* Frameworks */ = {
			isa = PBXFrameworksBuildPhase;
			buildActionMask = 2147483647;
			files = (
			);
			runOnlyForDeploymentPostprocessing = 0;
		};
		CC18C3F32491C64700A8E35C /* Frameworks */ = {
			isa = PBXFrameworksBuildPhase;
			buildActionMask = 2147483647;
			files = (
			);
			runOnlyForDeploymentPostprocessing = 0;
		};
		CC18C3FE2491C6AB00A8E35C /* Frameworks */ = {
			isa = PBXFrameworksBuildPhase;
			buildActionMask = 2147483647;
			files = (
			);
			runOnlyForDeploymentPostprocessing = 0;
		};
		CC18C4092491C71000A8E35C /* Frameworks */ = {
			isa = PBXFrameworksBuildPhase;
			buildActionMask = 2147483647;
			files = (
			);
			runOnlyForDeploymentPostprocessing = 0;
		};
		CC18C4142491C7B100A8E35C /* Frameworks */ = {
			isa = PBXFrameworksBuildPhase;
			buildActionMask = 2147483647;
			files = (
			);
			runOnlyForDeploymentPostprocessing = 0;
		};
		CC18C41F2491C91900A8E35C /* Frameworks */ = {
			isa = PBXFrameworksBuildPhase;
			buildActionMask = 2147483647;
			files = (
			);
			runOnlyForDeploymentPostprocessing = 0;
		};
/* End PBXFrameworksBuildPhase section */

/* Begin PBXGroup section */
		CC18C3B32491C25E00A8E35C = {
			isa = PBXGroup;
			children = (
				CC18C3BE2491C25E00A8E35C /* Cwork */,
				CC18C3CB2491C45300A8E35C /* no1_1 */,
				CC18C3D62491C49A00A8E35C /* no1_2 */,
				CC18C3E12491C4D600A8E35C /* no2_1 */,
				CC18C3EC2491C52B00A8E35C /* no2_2 */,
				CC18C3F72491C64700A8E35C /* no3_1 */,
				CC18C4022491C6AB00A8E35C /* no3_2 */,
				CC18C40D2491C71000A8E35C /* no4_1 */,
				CC18C4182491C7B100A8E35C /* no4_2 */,
				CC18C4232491C91900A8E35C /* no5 */,
				CC18C3BD2491C25E00A8E35C /* Products */,
			);
			sourceTree = "<group>";
		};
		CC18C3BD2491C25E00A8E35C /* Products */ = {
			isa = PBXGroup;
			children = (
				CC18C3BC2491C25E00A8E35C /* Cwork */,
				CC18C3CA2491C45300A8E35C /* no1_1 */,
				CC18C3D52491C49A00A8E35C /* no1_2 */,
				CC18C3E02491C4D600A8E35C /* no2_1 */,
				CC18C3EB2491C52B00A8E35C /* no2_2 */,
				CC18C3F62491C64700A8E35C /* no3_1 */,
				CC18C4012491C6AB00A8E35C /* no3_2 */,
				CC18C40C2491C71000A8E35C /* no4_1 */,
				CC18C4172491C7B100A8E35C /* no4_2 */,
				CC18C4222491C91900A8E35C /* no5 */,
			);
			name = Products;
			sourceTree = "<group>";
		};
		CC18C3BE2491C25E00A8E35C /* Cwork */ = {
			isa = PBXGroup;
			children = (
				CC18C3BF2491C25E00A8E35C /* main.c */,
			);
			path = Cwork;
			sourceTree = "<group>";
		};
		CC18C3CB2491C45300A8E35C /* no1_1 */ = {
			isa = PBXGroup;
			children = (
				CC18C3CC2491C45300A8E35C /* main.c */,
			);
			path = no1_1;
			sourceTree = "<group>";
		};
		CC18C3D62491C49A00A8E35C /* no1_2 */ = {
			isa = PBXGroup;
			children = (
				CC18C3D72491C49A00A8E35C /* main.c */,
			);
			path = no1_2;
			sourceTree = "<group>";
		};
		CC18C3E12491C4D600A8E35C /* no2_1 */ = {
			isa = PBXGroup;
			children = (
				CC18C3E22491C4D600A8E35C /* main.c */,
			);
			path = no2_1;
			sourceTree = "<group>";
		};
		CC18C3EC2491C52B00A8E35C /* no2_2 */ = {
			isa = PBXGroup;
			children = (
				CC18C3ED2491C52B00A8E35C /* main.c */,
			);
			path = no2_2;
			sourceTree = "<group>";
		};
		CC18C3F72491C64700A8E35C /* no3_1 */ = {
			isa = PBXGroup;
			children = (
				CC18C3F82491C64700A8E35C /* main.c */,
			);
			path = no3_1;
			sourceTree = "<group>";
		};
		CC18C4022491C6AB00A8E35C /* no3_2 */ = {
			isa = PBXGroup;
			children = (
				CC18C4032491C6AB00A8E35C /* main.c */,
			);
			path = no3_2;
			sourceTree = "<group>";
		};
		CC18C40D2491C71000A8E35C /* no4_1 */ = {
			isa = PBXGroup;
			children = (
				CC18C40E2491C71000A8E35C /* main.c */,
			);
			path = no4_1;
			sourceTree = "<group>";
		};
		CC18C4182491C7B100A8E35C /* no4_2 */ = {
			isa = PBXGroup;
			children = (
				CC18C4192491C7B100A8E35C /* main.c */,
			);
			path = no4_2;
			sourceTree = "<group>";
		};
		CC18C4232491C91900A8E35C /* no5 */ = {
			isa = PBXGroup;
			children = (
				CC18C4242491C91900A8E35C /* main.c */,
			);
			path = no5;
			sourceTree = "<group>";
		};
/* End PBXGroup section */

/* Begin PBXNativeTarget section */
		CC18C3BB2491C25E00A8E35C /* Cwork */ = {
			isa = PBXNativeTarget;
			buildConfigurationList = CC18C3C32491C25E00A8E35C /* Build configuration list for PBXNativeTarget "Cwork" */;
			buildPhases = (
				CC18C3B82491C25E00A8E35C /* Sources */,
				CC18C3B92491C25E00A8E35C /* Frameworks */,
				CC18C3BA2491C25E00A8E35C /* CopyFiles */,
			);
			buildRules = (
			);
			dependencies = (
			);
			name = Cwork;
			productName = Cwork;
			productReference = CC18C3BC2491C25E00A8E35C /* Cwork */;
			productType = "com.apple.product-type.tool";
		};
		CC18C3C92491C45300A8E35C /* no1_1 */ = {
			isa = PBXNativeTarget;
			buildConfigurationList = CC18C3CE2491C45300A8E35C /* Build configuration list for PBXNativeTarget "no1_1" */;
			buildPhases = (
				CC18C3C62491C45300A8E35C /* Sources */,
				CC18C3C72491C45300A8E35C /* Frameworks */,
				CC18C3C82491C45300A8E35C /* CopyFiles */,
			);
			buildRules = (
			);
			dependencies = (
			);
			name = no1_1;
			productName = no1_1;
			productReference = CC18C3CA2491C45300A8E35C /* no1_1 */;
			productType = "com.apple.product-type.tool";
		};
		CC18C3D42491C49A00A8E35C /* no1_2 */ = {
			isa = PBXNativeTarget;
			buildConfigurationList = CC18C3D92491C49A00A8E35C /* Build configuration list for PBXNativeTarget "no1_2" */;
			buildPhases = (
				CC18C3D12491C49A00A8E35C /* Sources */,
				CC18C3D22491C49A00A8E35C /* Frameworks */,
				CC18C3D32491C49A00A8E35C /* CopyFiles */,
			);
			buildRules = (
			);
			dependencies = (
			);
			name = no1_2;
			productName = no1_2;
			productReference = CC18C3D52491C49A00A8E35C /* no1_2 */;
			productType = "com.apple.product-type.tool";
		};
		CC18C3DF2491C4D600A8E35C /* no2_1 */ = {
			isa = PBXNativeTarget;
			buildConfigurationList = CC18C3E42491C4D600A8E35C /* Build configuration list for PBXNativeTarget "no2_1" */;
			buildPhases = (
				CC18C3DC2491C4D600A8E35C /* Sources */,
				CC18C3DD2491C4D600A8E35C /* Frameworks */,
				CC18C3DE2491C4D600A8E35C /* CopyFiles */,
			);
			buildRules = (
			);
			dependencies = (
			);
			name = no2_1;
			productName = no2_1;
			productReference = CC18C3E02491C4D600A8E35C /* no2_1 */;
			productType = "com.apple.product-type.tool";
		};
		CC18C3EA2491C52B00A8E35C /* no2_2 */ = {
			isa = PBXNativeTarget;
			buildConfigurationList = CC18C3EF2491C52B00A8E35C /* Build configuration list for PBXNativeTarget "no2_2" */;
			buildPhases = (
				CC18C3E72491C52B00A8E35C /* Sources */,
				CC18C3E82491C52B00A8E35C /* Frameworks */,
				CC18C3E92491C52B00A8E35C /* CopyFiles */,
			);
			buildRules = (
			);
			dependencies = (
			);
			name = no2_2;
			productName = no2_2;
			productReference = CC18C3EB2491C52B00A8E35C /* no2_2 */;
			productType = "com.apple.product-type.tool";
		};
		CC18C3F52491C64700A8E35C /* no3_1 */ = {
			isa = PBXNativeTarget;
			buildConfigurationList = CC18C3FA2491C64700A8E35C /* Build configuration list for PBXNativeTarget "no3_1" */;
			buildPhases = (
				CC18C3F22491C64700A8E35C /* Sources */,
				CC18C3F32491C64700A8E35C /* Frameworks */,
				CC18C3F42491C64700A8E35C /* CopyFiles */,
			);
			buildRules = (
			);
			dependencies = (
			);
			name = no3_1;
			productName = no3_1;
			productReference = CC18C3F62491C64700A8E35C /* no3_1 */;
			productType = "com.apple.product-type.tool";
		};
		CC18C4002491C6AB00A8E35C /* no3_2 */ = {
			isa = PBXNativeTarget;
			buildConfigurationList = CC18C4072491C6AB00A8E35C /* Build configuration list for PBXNativeTarget "no3_2" */;
			buildPhases = (
				CC18C3FD2491C6AB00A8E35C /* Sources */,
				CC18C3FE2491C6AB00A8E35C /* Frameworks */,
				CC18C3FF2491C6AB00A8E35C /* CopyFiles */,
			);
			buildRules = (
			);
			dependencies = (
			);
			name = no3_2;
			productName = no3_2;
			productReference = CC18C4012491C6AB00A8E35C /* no3_2 */;
			productType = "com.apple.product-type.tool";
		};
		CC18C40B2491C71000A8E35C /* no4_1 */ = {
			isa = PBXNativeTarget;
			buildConfigurationList = CC18C4122491C71000A8E35C /* Build configuration list for PBXNativeTarget "no4_1" */;
			buildPhases = (
				CC18C4082491C71000A8E35C /* Sources */,
				CC18C4092491C71000A8E35C /* Frameworks */,
				CC18C40A2491C71000A8E35C /* CopyFiles */,
			);
			buildRules = (
			);
			dependencies = (
			);
			name = no4_1;
			productName = no4_1;
			productReference = CC18C40C2491C71000A8E35C /* no4_1 */;
			productType = "com.apple.product-type.tool";
		};
		CC18C4162491C7B100A8E35C /* no4_2 */ = {
			isa = PBXNativeTarget;
			buildConfigurationList = CC18C41D2491C7B100A8E35C /* Build configuration list for PBXNativeTarget "no4_2" */;
			buildPhases = (
				CC18C4132491C7B100A8E35C /* Sources */,
				CC18C4142491C7B100A8E35C /* Frameworks */,
				CC18C4152491C7B100A8E35C /* CopyFiles */,
			);
			buildRules = (
			);
			dependencies = (
			);
			name = no4_2;
			productName = no4_2;
			productReference = CC18C4172491C7B100A8E35C /* no4_2 */;
			productType = "com.apple.product-type.tool";
		};
		CC18C4212491C91900A8E35C /* no5 */ = {
			isa = PBXNativeTarget;
			buildConfigurationList = CC18C4282491C91900A8E35C /* Build configuration list for PBXNativeTarget "no5" */;
			buildPhases = (
				CC18C41E2491C91900A8E35C /* Sources */,
				CC18C41F2491C91900A8E35C /* Frameworks */,
				CC18C4202491C91900A8E35C /* CopyFiles */,
			);
			buildRules = (
			);
			dependencies = (
			);
			name = no5;
			productName = no5;
			productReference = CC18C4222491C91900A8E35C /* no5 */;
			productType = "com.apple.product-type.tool";
		};
/* End PBXNativeTarget section */

/* Begin PBXProject section */
		CC18C3B42491C25E00A8E35C /* Project object */ = {
			isa = PBXProject;
			attributes = {
				LastUpgradeCheck = 1150;
				ORGANIZATIONNAME = "谢容海";
				TargetAttributes = {
					CC18C3BB2491C25E00A8E35C = {
						CreatedOnToolsVersion = 11.5;
					};
					CC18C3C92491C45300A8E35C = {
						CreatedOnToolsVersion = 11.5;
					};
					CC18C3D42491C49A00A8E35C = {
						CreatedOnToolsVersion = 11.5;
					};
					CC18C3DF2491C4D600A8E35C = {
						CreatedOnToolsVersion = 11.5;
					};
					CC18C3EA2491C52B00A8E35C = {
						CreatedOnToolsVersion = 11.5;
					};
					CC18C3F52491C64700A8E35C = {
						CreatedOnToolsVersion = 11.5;
					};
					CC18C4002491C6AB00A8E35C = {
						CreatedOnToolsVersion = 11.5;
					};
					CC18C40B2491C71000A8E35C = {
						CreatedOnToolsVersion = 11.5;
					};
					CC18C4162491C7B100A8E35C = {
						CreatedOnToolsVersion = 11.5;
					};
					CC18C4212491C91900A8E35C = {
						CreatedOnToolsVersion = 11.5;
					};
				};
			};
			buildConfigurationList = CC18C3B72491C25E00A8E35C /* Build configuration list for PBXProject "Cwork" */;
			compatibilityVersion = "Xcode 9.3";
			developmentRegion = en;
			hasScannedForEncodings = 0;
			knownRegions = (
				en,
				Base,
			);
			mainGroup = CC18C3B32491C25E00A8E35C;
			productRefGroup = CC18C3BD2491C25E00A8E35C /* Products */;
			projectDirPath = "";
			projectRoot = "";
			targets = (
				CC18C3BB2491C25E00A8E35C /* Cwork */,
				CC18C3C92491C45300A8E35C /* no1_1 */,
				CC18C3D42491C49A00A8E35C /* no1_2 */,
				CC18C3DF2491C4D600A8E35C /* no2_1 */,
				CC18C3EA2491C52B00A8E35C /* no2_2 */,
				CC18C3F52491C64700A8E35C /* no3_1 */,
				CC18C4002491C6AB00A8E35C /* no3_2 */,
				CC18C40B2491C71000A8E35C /* no4_1 */,
				CC18C4162491C7B100A8E35C /* no4_2 */,
				CC18C4212491C91900A8E35C /* no5 */,
			);
		};
/* End PBXProject section */

/* Begin PBXSourcesBuildPhase section */
		CC18C3B82491C25E00A8E35C /* Sources */ = {
			isa = PBXSourcesBuildPhase;
			buildActionMask = 2147483647;
			files = (
				CC18C3C02491C25E00A8E35C /* main.c in Sources */,
			);
			runOnlyForDeploymentPostprocessing = 0;
		};
		CC18C3C62491C45300A8E35C /* Sources */ = {
			isa = PBXSourcesBuildPhase;
			buildActionMask = 2147483647;
			files = (
				CC18C3CD2491C45300A8E35C /* main.c in Sources */,
			);
			runOnlyForDeploymentPostprocessing = 0;
		};
		CC18C3D12491C49A00A8E35C /* Sources */ = {
			isa = PBXSourcesBuildPhase;
			buildActionMask = 2147483647;
			files = (
				CC18C3D82491C49A00A8E35C /* main.c in Sources */,
			);
			runOnlyForDeploymentPostprocessing = 0;
		};
		CC18C3DC2491C4D600A8E35C /* Sources */ = {
			isa = PBXSourcesBuildPhase;
			buildActionMask = 2147483647;
			files = (
				CC18C3E32491C4D600A8E35C /* main.c in Sources */,
			);
			runOnlyForDeploymentPostprocessing = 0;
		};
		CC18C3E72491C52B00A8E35C /* Sources */ = {
			isa = PBXSourcesBuildPhase;
			buildActionMask = 2147483647;
			files = (
				CC18C3EE2491C52B00A8E35C /* main.c in Sources */,
			);
			runOnlyForDeploymentPostprocessing = 0;
		};
		CC18C3F22491C64700A8E35C /* Sources */ = {
			isa = PBXSourcesBuildPhase;
			buildActionMask = 2147483647;
			files = (
				CC18C3F92491C64700A8E35C /* main.c in Sources */,
			);
			runOnlyForDeploymentPostprocessing = 0;
		};
		CC18C3FD2491C6AB00A8E35C /* Sources */ = {
			isa = PBXSourcesBuildPhase;
			buildActionMask = 2147483647;
			files = (
				CC18C4042491C6AB00A8E35C /* main.c in Sources */,
			);
			runOnlyForDeploymentPostprocessing = 0;
		};
		CC18C4082491C71000A8E35C /* Sources */ = {
			isa = PBXSourcesBuildPhase;
			buildActionMask = 2147483647;
			files = (
				CC18C40F2491C71000A8E35C /* main.c in Sources */,
			);
			runOnlyForDeploymentPostprocessing = 0;
		};
		CC18C4132491C7B100A8E35C /* Sources */ = {
			isa = PBXSourcesBuildPhase;
			buildActionMask = 2147483647;
			files = (
				CC18C41A2491C7B100A8E35C /* main.c in Sources */,
			);
			runOnlyForDeploymentPostprocessing = 0;
		};
		CC18C41E2491C91900A8E35C /* Sources */ = {
			isa = PBXSourcesBuildPhase;
			buildActionMask = 2147483647;
			files = (
				CC18C4252491C91900A8E35C /* main.c in Sources */,
			);
			runOnlyForDeploymentPostprocessing = 0;
		};
/* End PBXSourcesBuildPhase section */

/* Begin XCBuildConfiguration section */
		CC18C3C12491C25E00A8E35C /* Debug */ = {
			isa = XCBuildConfiguration;
			buildSettings = {
				ALWAYS_SEARCH_USER_PATHS = NO;
				CLANG_ANALYZER_NONNULL = YES;
				CLANG_ANALYZER_NUMBER_OBJECT_CONVERSION = YES_AGGRESSIVE;
				CLANG_CXX_LANGUAGE_STANDARD = "gnu++14";
				CLANG_CXX_LIBRARY = "libc++";
				CLANG_ENABLE_MODULES = YES;
				CLANG_ENABLE_OBJC_ARC = YES;
				CLANG_ENABLE_OBJC_WEAK = YES;
				CLANG_WARN_BLOCK_CAPTURE_AUTORELEASING = YES;
				CLANG_WARN_BOOL_CONVERSION = YES;
				CLANG_WARN_COMMA = YES;
				CLANG_WARN_CONSTANT_CONVERSION = YES;
				CLANG_WARN_DEPRECATED_OBJC_IMPLEMENTATIONS = YES;
				CLANG_WARN_DIRECT_OBJC_ISA_USAGE = YES_ERROR;
				CLANG_WARN_DOCUMENTATION_COMMENTS = YES;
				CLANG_WARN_EMPTY_BODY = YES;
				CLANG_WARN_ENUM_CONVERSION = YES;
				CLANG_WARN_INFINITE_RECURSION = YES;
				CLANG_WARN_INT_CONVERSION = YES;
				CLANG_WARN_NON_LITERAL_NULL_CONVERSION = YES;
				CLANG_WARN_OBJC_IMPLICIT_RETAIN_SELF = YES;
				CLANG_WARN_OBJC_LITERAL_CONVERSION = YES;
				CLANG_WARN_OBJC_ROOT_CLASS = YES_ERROR;
				CLANG_WARN_RANGE_LOOP_ANALYSIS = YES;
				CLANG_WARN_STRICT_PROTOTYPES = YES;
				CLANG_WARN_SUSPICIOUS_MOVE = YES;
				CLANG_WARN_UNGUARDED_AVAILABILITY = YES_AGGRESSIVE;
				CLANG_WARN_UNREACHABLE_CODE = YES;
				CLANG_WARN__DUPLICATE_METHOD_MATCH = YES;
				COPY_PHASE_STRIP = NO;
				DEBUG_INFORMATION_FORMAT = dwarf;
				ENABLE_STRICT_OBJC_MSGSEND = YES;
				ENABLE_TESTABILITY = YES;
				GCC_C_LANGUAGE_STANDARD = gnu11;
				GCC_DYNAMIC_NO_PIC = NO;
				GCC_NO_COMMON_BLOCKS = YES;
				GCC_OPTIMIZATION_LEVEL = 0;
				GCC_PREPROCESSOR_DEFINITIONS = (
					"DEBUG=1",
					"$(inherited)",
				);
				GCC_WARN_64_TO_32_BIT_CONVERSION = YES;
				GCC_WARN_ABOUT_RETURN_TYPE = YES_ERROR;
				GCC_WARN_UNDECLARED_SELECTOR = YES;
				GCC_WARN_UNINITIALIZED_AUTOS = YES_AGGRESSIVE;
				GCC_WARN_UNUSED_FUNCTION = YES;
				GCC_WARN_UNUSED_VARIABLE = YES;
				MACOSX_DEPLOYMENT_TARGET = 10.15;
				MTL_ENABLE_DEBUG_INFO = INCLUDE_SOURCE;
				MTL_FAST_MATH = YES;
				ONLY_ACTIVE_ARCH = YES;
				SDKROOT = macosx;
			};
			name = Debug;
		};
		CC18C3C22491C25E00A8E35C /* Release */ = {
			isa = XCBuildConfiguration;
			buildSettings = {
				ALWAYS_SEARCH_USER_PATHS = NO;
				CLANG_ANALYZER_NONNULL = YES;
				CLANG_ANALYZER_NUMBER_OBJECT_CONVERSION = YES_AGGRESSIVE;
				CLANG_CXX_LANGUAGE_STANDARD = "gnu++14";
				CLANG_CXX_LIBRARY = "libc++";
				CLANG_ENABLE_MODULES = YES;
				CLANG_ENABLE_OBJC_ARC = YES;
				CLANG_ENABLE_OBJC_WEAK = YES;
				CLANG_WARN_BLOCK_CAPTURE_AUTORELEASING = YES;
				CLANG_WARN_BOOL_CONVERSION = YES;
				CLANG_WARN_COMMA = YES;
				CLANG_WARN_CONSTANT_CONVERSION = YES;
				CLANG_WARN_DEPRECATED_OBJC_IMPLEMENTATIONS = YES;
				CLANG_WARN_DIRECT_OBJC_ISA_USAGE = YES_ERROR;
				CLANG_WARN_DOCUMENTATION_COMMENTS = YES;
				CLANG_WARN_EMPTY_BODY = YES;
				CLANG_WARN_ENUM_CONVERSION = YES;
				CLANG_WARN_INFINITE_RECURSION = YES;
				CLANG_WARN_INT_CONVERSION = YES;
				CLANG_WARN_NON_LITERAL_NULL_CONVERSION = YES;
				CLANG_WARN_OBJC_IMPLICIT_RETAIN_SELF = YES;
				CLANG_WARN_OBJC_LITERAL_CONVERSION = YES;
				CLANG_WARN_OBJC_ROOT_CLASS = YES_ERROR;
				CLANG_WARN_RANGE_LOOP_ANALYSIS = YES;
				CLANG_WARN_STRICT_PROTOTYPES = YES;
				CLANG_WARN_SUSPICIOUS_MOVE = YES;
				CLANG_WARN_UNGUARDED_AVAILABILITY = YES_AGGRESSIVE;
				CLANG_WARN_UNREACHABLE_CODE = YES;
				CLANG_WARN__DUPLICATE_METHOD_MATCH = YES;
				COPY_PHASE_STRIP = NO;
				DEBUG_INFORMATION_FORMAT = "dwarf-with-dsym";
				ENABLE_NS_ASSERTIONS = NO;
				ENABLE_STRICT_OBJC_MSGSEND = YES;
				GCC_C_LANGUAGE_STANDARD = gnu11;
				GCC_NO_COMMON_BLOCKS = YES;
				GCC_WARN_64_TO_32_BIT_CONVERSION = YES;
				GCC_WARN_ABOUT_RETURN_TYPE = YES_ERROR;
				GCC_WARN_UNDECLARED_SELECTOR = YES;
				GCC_WARN_UNINITIALIZED_AUTOS = YES_AGGRESSIVE;
				GCC_WARN_UNUSED_FUNCTION = YES;
				GCC_WARN_UNUSED_VARIABLE = YES;
				MACOSX_DEPLOYMENT_TARGET = 10.15;
				MTL_ENABLE_DEBUG_INFO = NO;
				MTL_FAST_MATH = YES;
				SDKROOT = macosx;
			};
			name = Release;
		};
		CC18C3C42491C25E00A8E35C /* Debug */ = {
			isa = XCBuildConfiguration;
			buildSettings = {
				CODE_SIGN_STYLE = Automatic;
				PRODUCT_NAME = "$(TARGET_NAME)";
			};
			name = Debug;
		};
		CC18C3C52491C25E00A8E35C /* Release */ = {
			isa = XCBuildConfiguration;
			buildSettings = {
				CODE_SIGN_STYLE = Automatic;
				PRODUCT_NAME = "$(TARGET_NAME)";
			};
			name = Release;
		};
		CC18C3CF2491C45300A8E35C /* Debug */ = {
			isa = XCBuildConfiguration;
			buildSettings = {
				CODE_SIGN_STYLE = Automatic;
				PRODUCT_NAME = "$(TARGET_NAME)";
			};
			name = Debug;
		};
		CC18C3D02491C45300A8E35C /* Release */ = {
			isa = XCBuildConfiguration;
			buildSettings = {
				CODE_SIGN_STYLE = Automatic;
				PRODUCT_NAME = "$(TARGET_NAME)";
			};
			name = Release;
		};
		CC18C3DA2491C49A00A8E35C /* Debug */ = {
			isa = XCBuildConfiguration;
			buildSettings = {
				CODE_SIGN_STYLE = Automatic;
				PRODUCT_NAME = "$(TARGET_NAME)";
			};
			name = Debug;
		};
		CC18C3DB2491C49A00A8E35C /* Release */ = {
			isa = XCBuildConfiguration;
			buildSettings = {
				CODE_SIGN_STYLE = Automatic;
				PRODUCT_NAME = "$(TARGET_NAME)";
			};
			name = Release;
		};
		CC18C3E52491C4D600A8E35C /* Debug */ = {
			isa = XCBuildConfiguration;
			buildSettings = {
				CODE_SIGN_STYLE = Automatic;
				PRODUCT_NAME = "$(TARGET_NAME)";
			};
			name = Debug;
		};
		CC18C3E62491C4D600A8E35C /* Release */ = {
			isa = XCBuildConfiguration;
			buildSettings = {
				CODE_SIGN_STYLE = Automatic;
				PRODUCT_NAME = "$(TARGET_NAME)";
			};
			name = Release;
		};
		CC18C3F02491C52B00A8E35C /* Debug */ = {
			isa = XCBuildConfiguration;
			buildSettings = {
				CODE_SIGN_STYLE = Automatic;
				PRODUCT_NAME = "$(TARGET_NAME)";
			};
			name = Debug;
		};
		CC18C3F12491C52B00A8E35C /* Release */ = {
			isa = XCBuildConfiguration;
			buildSettings = {
				CODE_SIGN_STYLE = Automatic;
				PRODUCT_NAME = "$(TARGET_NAME)";
			};
			name = Release;
		};
		CC18C3FB2491C64700A8E35C /* Debug */ = {
			isa = XCBuildConfiguration;
			buildSettings = {
				CODE_SIGN_STYLE = Automatic;
				PRODUCT_NAME = "$(TARGET_NAME)";
			};
			name = Debug;
		};
		CC18C3FC2491C64700A8E35C /* Release */ = {
			isa = XCBuildConfiguration;
			buildSettings = {
				CODE_SIGN_STYLE = Automatic;
				PRODUCT_NAME = "$(TARGET_NAME)";
			};
			name = Release;
		};
		CC18C4052491C6AB00A8E35C /* Debug */ = {
			isa = XCBuildConfiguration;
			buildSettings = {
				CODE_SIGN_STYLE = Automatic;
				PRODUCT_NAME = "$(TARGET_NAME)";
			};
			name = Debug;
		};
		CC18C4062491C6AB00A8E35C /* Release */ = {
			isa = XCBuildConfiguration;
			buildSettings = {
				CODE_SIGN_STYLE = Automatic;
				PRODUCT_NAME = "$(TARGET_NAME)";
			};
			name = Release;
		};
		CC18C4102491C71000A8E35C /* Debug */ = {
			isa = XCBuildConfiguration;
			buildSettings = {
				CODE_SIGN_STYLE = Automatic;
				PRODUCT_NAME = "$(TARGET_NAME)";
			};
			name = Debug;
		};
		CC18C4112491C71000A8E35C /* Release */ = {
			isa = XCBuildConfiguration;
			buildSettings = {
				CODE_SIGN_STYLE = Automatic;
				PRODUCT_NAME = "$(TARGET_NAME)";
			};
			name = Release;
		};
		CC18C41B2491C7B100A8E35C /* Debug */ = {
			isa = XCBuildConfiguration;
			buildSettings = {
				CODE_SIGN_STYLE = Automatic;
				PRODUCT_NAME = "$(TARGET_NAME)";
			};
			name = Debug;
		};
		CC18C41C2491C7B100A8E35C /* Release */ = {
			isa = XCBuildConfiguration;
			buildSettings = {
				CODE_SIGN_STYLE = Automatic;
				PRODUCT_NAME = "$(TARGET_NAME)";
			};
			name = Release;
		};
		CC18C4262491C91900A8E35C /* Debug */ = {
			isa = XCBuildConfiguration;
			buildSettings = {
				CODE_SIGN_STYLE = Automatic;
				PRODUCT_NAME = "$(TARGET_NAME)";
			};
			name = Debug;
		};
		CC18C4272491C91900A8E35C /* Release */ = {
			isa = XCBuildConfiguration;
			buildSettings = {
				CODE_SIGN_STYLE = Automatic;
				PRODUCT_NAME = "$(TARGET_NAME)";
			};
			name = Release;
		};
/* End XCBuildConfiguration section */

/* Begin XCConfigurationList section */
		CC18C3B72491C25E00A8E35C /* Build configuration list for PBXProject "Cwork" */ = {
			isa = XCConfigurationList;
			buildConfigurations = (
				CC18C3C12491C25E00A8E35C /* Debug */,
				CC18C3C22491C25E00A8E35C /* Release */,
			);
			defaultConfigurationIsVisible = 0;
			defaultConfigurationName = Release;
		};
		CC18C3C32491C25E00A8E35C /* Build configuration list for PBXNativeTarget "Cwork" */ = {
			isa = XCConfigurationList;
			buildConfigurations = (
				CC18C3C42491C25E00A8E35C /* Debug */,
				CC18C3C52491C25E00A8E35C /* Release */,
			);
			defaultConfigurationIsVisible = 0;
			defaultConfigurationName = Release;
		};
		CC18C3CE2491C45300A8E35C /* Build configuration list for PBXNativeTarget "no1_1" */ = {
			isa = XCConfigurationList;
			buildConfigurations = (
				CC18C3CF2491C45300A8E35C /* Debug */,
				CC18C3D02491C45300A8E35C /* Release */,
			);
			defaultConfigurationIsVisible = 0;
			defaultConfigurationName = Release;
		};
		CC18C3D92491C49A00A8E35C /* Build configuration list for PBXNativeTarget "no1_2" */ = {
			isa = XCConfigurationList;
			buildConfigurations = (
				CC18C3DA2491C49A00A8E35C /* Debug */,
				CC18C3DB2491C49A00A8E35C /* Release */,
			);
			defaultConfigurationIsVisible = 0;
			defaultConfigurationName = Release;
		};
		CC18C3E42491C4D600A8E35C /* Build configuration list for PBXNativeTarget "no2_1" */ = {
			isa = XCConfigurationList;
			buildConfigurations = (
				CC18C3E52491C4D600A8E35C /* Debug */,
				CC18C3E62491C4D600A8E35C /* Release */,
			);
			defaultConfigurationIsVisible = 0;
			defaultConfigurationName = Release;
		};
		CC18C3EF2491C52B00A8E35C /* Build configuration list for PBXNativeTarget "no2_2" */ = {
			isa = XCConfigurationList;
			buildConfigurations = (
				CC18C3F02491C52B00A8E35C /* Debug */,
				CC18C3F12491C52B00A8E35C /* Release */,
			);
			defaultConfigurationIsVisible = 0;
			defaultConfigurationName = Release;
		};
		CC18C3FA2491C64700A8E35C /* Build configuration list for PBXNativeTarget "no3_1" */ = {
			isa = XCConfigurationList;
			buildConfigurations = (
				CC18C3FB2491C64700A8E35C /* Debug */,
				CC18C3FC2491C64700A8E35C /* Release */,
			);
			defaultConfigurationIsVisible = 0;
			defaultConfigurationName = Release;
		};
		CC18C4072491C6AB00A8E35C /* Build configuration list for PBXNativeTarget "no3_2" */ = {
			isa = XCConfigurationList;
			buildConfigurations = (
				CC18C4052491C6AB00A8E35C /* Debug */,
				CC18C4062491C6AB00A8E35C /* Release */,
			);
			defaultConfigurationIsVisible = 0;
			defaultConfigurationName = Release;
		};
		CC18C4122491C71000A8E35C /* Build configuration list for PBXNativeTarget "no4_1" */ = {
			isa = XCConfigurationList;
			buildConfigurations = (
				CC18C4102491C71000A8E35C /* Debug */,
				CC18C4112491C71000A8E35C /* Release */,
			);
			defaultConfigurationIsVisible = 0;
			defaultConfigurationName = Release;
		};
		CC18C41D2491C7B100A8E35C /* Build configuration list for PBXNativeTarget "no4_2" */ = {
			isa = XCConfigurationList;
			buildConfigurations = (
				CC18C41B2491C7B100A8E35C /* Debug */,
				CC18C41C2491C7B100A8E35C /* Release */,
			);
			defaultConfigurationIsVisible = 0;
			defaultConfigurationName = Release;
		};
		CC18C4282491C91900A8E35C /* Build configuration list for PBXNativeTarget "no5" */ = {
			isa = XCConfigurationList;
			buildConfigurations = (
				CC18C4262491C91900A8E35C /* Debug */,
				CC18C4272491C91900A8E35C /* Release */,
			);
			defaultConfigurationIsVisible = 0;
			defaultConfigurationName = Release;
		};
/* End XCConfigurationList section */
	};
	rootObject = CC18C3B42491C25E00A8E35C /* Project object */;
}
